dependencies:
- name: common-chart
  repository: file://../common/common-chart
  version: 1.0.1
- name: postgresql
  repository: oci://registry-1.docker.io/bitnamicharts
  version: 18.1.1
digest: sha256:4f7eb241348f66d42c40ba0c577a43395c7e8c29ddad18d4f303552c714e3bc7
generated: "2025-10-27T17:21:58.2518681+03:00"
