dependencies:
- name: common-chart
  repository: file://../../common/common-chart
  version: 1.0.0
- name: mongodb
  repository: oci://registry-1.docker.io/bitnamicharts
  version: 18.1.1
digest: sha256:5748edf6406a8cbdab8a9fbab6bc2393961ac380267a6724c8829f3ae53a8d73
generated: "2025-10-27T13:44:27.8011102+03:00"
